PODS:
  - Alamofire (4.9.1)
  - AlamofireImage (3.6.0):
    - Alamofire (~> 4.9)
  - Eureka (5.1.0)

DEPENDENCIES:
  - Alamofire
  - AlamofireImage
  - Eureka

SPEC REPOS:
  trunk:
    - Alamofire
    - AlamofireImage
    - Eureka

SPEC CHECKSUMS:
  Alamofire: 85e8a02c69d6020a0d734f6054870d7ecb75cf18
  AlamofireImage: be9963c6582d68b39e89191f64c82a7d7bf40fdd
  Eureka: 18a5076dcf0c41f9cd9748aa1c42f4d11434bdae

PODFILE CHECKSUM: 5e07c6ac42c34decc6478b922b62963b7af425f1

COCOAPODS: 1.8.4
