// !$*UTF8*$!
{
	archiveVersion = 1;
	classes = {
	};
	objectVersion = 51;
	objects = {

/* Begin PBXBuildFile section */
		8032ED5B2379927E00357465 /* DiseaseOccurrencesServices.swift in Sources */ = {isa = PBXBuildFile; fileRef = 8032ED5A2379927E00357465 /* DiseaseOccurrencesServices.swift */; };
		8032ED5D237992EF00357465 /* DiseaseOccurrencesDAO.swift in Sources */ = {isa = PBXBuildFile; fileRef = 8032ED5C237992EF00357465 /* DiseaseOccurrencesDAO.swift */; };
		804A2E612384410500214A90 /* CustomCells.swift in Sources */ = {isa = PBXBuildFile; fileRef = 804A2E602384410500214A90 /* CustomCells.swift */; };
		804A2E66238460FE00214A90 /* FloatLabelTextField.swift in Sources */ = {isa = PBXBuildFile; fileRef = 804A2E65238460FE00214A90 /* FloatLabelTextField.swift */; };
		809369E423841DD300C794BB /* NewOccurrenceViewController.swift in Sources */ = {isa = PBXBuildFile; fileRef = 809369E323841DD300C794BB /* NewOccurrenceViewController.swift */; };
		80973082238C0C0A007D6419 /* ImagePicker.swift in Sources */ = {isa = PBXBuildFile; fileRef = 80973081238C0C0A007D6419 /* ImagePicker.swift */; };
		80E2B151238823DD004894A5 /* NewBreedingSiteViewController.swift in Sources */ = {isa = PBXBuildFile; fileRef = 80E2B150238823DD004894A5 /* NewBreedingSiteViewController.swift */; };
		80E8F3D22379AED800445DF8 /* NavigatorController.swift in Sources */ = {isa = PBXBuildFile; fileRef = 80E8F3D12379AED800445DF8 /* NavigatorController.swift */; };
		80E8F3D52379B26C00445DF8 /* DiseaseAnnotation.swift in Sources */ = {isa = PBXBuildFile; fileRef = 80E8F3D42379B26C00445DF8 /* DiseaseAnnotation.swift */; };
		B34AF8912386E28D00B61F2C /* Utils.swift in Sources */ = {isa = PBXBuildFile; fileRef = B34AF8902386E28D00B61F2C /* Utils.swift */; };
		B34AF89323871EED00B61F2C /* BreedingSiteDetailViewController.swift in Sources */ = {isa = PBXBuildFile; fileRef = B34AF89223871EED00B61F2C /* BreedingSiteDetailViewController.swift */; };
		B36279AE23831C060067C663 /* BreedingAnnotation.swift in Sources */ = {isa = PBXBuildFile; fileRef = B36279AD23831C060067C663 /* BreedingAnnotation.swift */; };
		C545CDDC2396F0B400EB713E /* DetailController.swift in Sources */ = {isa = PBXBuildFile; fileRef = C545CDDB2396F0B400EB713E /* DetailController.swift */; };
		C545CDDE2396F23F00EB713E /* DetailHeaderCell.xib in Resources */ = {isa = PBXBuildFile; fileRef = C545CDDD2396F23F00EB713E /* DetailHeaderCell.xib */; };
		C545CDE02396F27000EB713E /* DetailHeaderCell.swift in Sources */ = {isa = PBXBuildFile; fileRef = C545CDDF2396F27000EB713E /* DetailHeaderCell.swift */; };
		C545CDE22396F76700EB713E /* Extention.swift in Sources */ = {isa = PBXBuildFile; fileRef = C545CDE12396F76700EB713E /* Extention.swift */; };
		C577DD52237DA7B6007E8C6B /* BreedingSite.swift in Sources */ = {isa = PBXBuildFile; fileRef = C577DD51237DA7B6007E8C6B /* BreedingSite.swift */; };
		C577DD54237DA969007E8C6B /* BreedingSitesDAO.swift in Sources */ = {isa = PBXBuildFile; fileRef = C577DD53237DA969007E8C6B /* BreedingSitesDAO.swift */; };
		C577DD56237DAB13007E8C6B /* BreedingSitesServices.swift in Sources */ = {isa = PBXBuildFile; fileRef = C577DD55237DAB13007E8C6B /* BreedingSitesServices.swift */; };
		C5AF7D8423776E4400635447 /* DiseaseOccurrence.swift in Sources */ = {isa = PBXBuildFile; fileRef = C5AF7D8323776E4400635447 /* DiseaseOccurrence.swift */; };
		C5CAD6FC2375B21C00B5BBA2 /* AppDelegate.swift in Sources */ = {isa = PBXBuildFile; fileRef = C5CAD6FB2375B21C00B5BBA2 /* AppDelegate.swift */; };
		C5CAD6FE2375B21C00B5BBA2 /* SceneDelegate.swift in Sources */ = {isa = PBXBuildFile; fileRef = C5CAD6FD2375B21C00B5BBA2 /* SceneDelegate.swift */; };
		C5CAD7032375B21C00B5BBA2 /* Main.storyboard in Resources */ = {isa = PBXBuildFile; fileRef = C5CAD7012375B21C00B5BBA2 /* Main.storyboard */; };
		C5CAD7052375B21E00B5BBA2 /* Assets.xcassets in Resources */ = {isa = PBXBuildFile; fileRef = C5CAD7042375B21E00B5BBA2 /* Assets.xcassets */; };
		C5CAD7082375B21E00B5BBA2 /* LaunchScreen.storyboard in Resources */ = {isa = PBXBuildFile; fileRef = C5CAD7062375B21E00B5BBA2 /* LaunchScreen.storyboard */; };
		C5CAD71B2375B62000B5BBA2 /* Errors.swift in Sources */ = {isa = PBXBuildFile; fileRef = C5CAD71A2375B62000B5BBA2 /* Errors.swift */; };
		F2776A034AE436BDAEE62BF2 /* Pods_FOCO.framework in Frameworks */ = {isa = PBXBuildFile; fileRef = 206A6212520C8711925DF2CB /* Pods_FOCO.framework */; };
/* End PBXBuildFile section */

/* Begin PBXFileReference section */
		206A6212520C8711925DF2CB /* Pods_FOCO.framework */ = {isa = PBXFileReference; explicitFileType = wrapper.framework; includeInIndex = 0; path = Pods_FOCO.framework; sourceTree = BUILT_PRODUCTS_DIR; };
		8032ED5A2379927E00357465 /* DiseaseOccurrencesServices.swift */ = {isa = PBXFileReference; lastKnownFileType = sourcecode.swift; path = DiseaseOccurrencesServices.swift; sourceTree = "<group>"; };
		8032ED5C237992EF00357465 /* DiseaseOccurrencesDAO.swift */ = {isa = PBXFileReference; lastKnownFileType = sourcecode.swift; path = DiseaseOccurrencesDAO.swift; sourceTree = "<group>"; };
		80448A3A4B8F0EB1181A3478 /* Pods-FOCO.release.xcconfig */ = {isa = PBXFileReference; includeInIndex = 1; lastKnownFileType = text.xcconfig; name = "Pods-FOCO.release.xcconfig"; path = "Target Support Files/Pods-FOCO/Pods-FOCO.release.xcconfig"; sourceTree = "<group>"; };
		804A2E602384410500214A90 /* CustomCells.swift */ = {isa = PBXFileReference; lastKnownFileType = sourcecode.swift; path = CustomCells.swift; sourceTree = "<group>"; };
		804A2E65238460FE00214A90 /* FloatLabelTextField.swift */ = {isa = PBXFileReference; lastKnownFileType = sourcecode.swift; path = FloatLabelTextField.swift; sourceTree = "<group>"; };
		805FCF332396B08200B295B4 /* pt */ = {isa = PBXFileReference; lastKnownFileType = text.plist.strings; name = pt; path = pt.lproj/Main.strings; sourceTree = "<group>"; };
		805FCF342396B08200B295B4 /* pt */ = {isa = PBXFileReference; lastKnownFileType = text.plist.strings; name = pt; path = pt.lproj/LaunchScreen.strings; sourceTree = "<group>"; };
		809369E323841DD300C794BB /* NewOccurrenceViewController.swift */ = {isa = PBXFileReference; lastKnownFileType = sourcecode.swift; path = NewOccurrenceViewController.swift; sourceTree = "<group>"; };
		80973081238C0C0A007D6419 /* ImagePicker.swift */ = {isa = PBXFileReference; lastKnownFileType = sourcecode.swift; path = ImagePicker.swift; sourceTree = "<group>"; };
		80E2B150238823DD004894A5 /* NewBreedingSiteViewController.swift */ = {isa = PBXFileReference; lastKnownFileType = sourcecode.swift; path = NewBreedingSiteViewController.swift; sourceTree = "<group>"; };
		80E8F3D12379AED800445DF8 /* NavigatorController.swift */ = {isa = PBXFileReference; lastKnownFileType = sourcecode.swift; path = NavigatorController.swift; sourceTree = "<group>"; };
		80E8F3D42379B26C00445DF8 /* DiseaseAnnotation.swift */ = {isa = PBXFileReference; lastKnownFileType = sourcecode.swift; path = DiseaseAnnotation.swift; sourceTree = "<group>"; };
		B34AF8902386E28D00B61F2C /* Utils.swift */ = {isa = PBXFileReference; lastKnownFileType = sourcecode.swift; path = Utils.swift; sourceTree = "<group>"; };
		B34AF89223871EED00B61F2C /* BreedingSiteDetailViewController.swift */ = {isa = PBXFileReference; lastKnownFileType = sourcecode.swift; path = BreedingSiteDetailViewController.swift; sourceTree = "<group>"; };
		B36279AD23831C060067C663 /* BreedingAnnotation.swift */ = {isa = PBXFileReference; lastKnownFileType = sourcecode.swift; path = BreedingAnnotation.swift; sourceTree = "<group>"; };
		C545CDDB2396F0B400EB713E /* DetailController.swift */ = {isa = PBXFileReference; lastKnownFileType = sourcecode.swift; path = DetailController.swift; sourceTree = "<group>"; };
		C545CDDD2396F23F00EB713E /* DetailHeaderCell.xib */ = {isa = PBXFileReference; lastKnownFileType = file.xib; path = DetailHeaderCell.xib; sourceTree = "<group>"; };
		C545CDDF2396F27000EB713E /* DetailHeaderCell.swift */ = {isa = PBXFileReference; lastKnownFileType = sourcecode.swift; path = DetailHeaderCell.swift; sourceTree = "<group>"; };
		C545CDE12396F76700EB713E /* Extention.swift */ = {isa = PBXFileReference; lastKnownFileType = sourcecode.swift; path = Extention.swift; sourceTree = "<group>"; };
		C577DD51237DA7B6007E8C6B /* BreedingSite.swift */ = {isa = PBXFileReference; lastKnownFileType = sourcecode.swift; path = BreedingSite.swift; sourceTree = "<group>"; };
		C577DD53237DA969007E8C6B /* BreedingSitesDAO.swift */ = {isa = PBXFileReference; lastKnownFileType = sourcecode.swift; path = BreedingSitesDAO.swift; sourceTree = "<group>"; };
		C577DD55237DAB13007E8C6B /* BreedingSitesServices.swift */ = {isa = PBXFileReference; lastKnownFileType = sourcecode.swift; path = BreedingSitesServices.swift; sourceTree = "<group>"; };
		C5AF7D8323776E4400635447 /* DiseaseOccurrence.swift */ = {isa = PBXFileReference; lastKnownFileType = sourcecode.swift; path = DiseaseOccurrence.swift; sourceTree = "<group>"; };
		C5CAD6F82375B21C00B5BBA2 /* Nosso Bairro.app */ = {isa = PBXFileReference; explicitFileType = wrapper.application; includeInIndex = 0; path = "Nosso Bairro.app"; sourceTree = BUILT_PRODUCTS_DIR; };
		C5CAD6FB2375B21C00B5BBA2 /* AppDelegate.swift */ = {isa = PBXFileReference; lastKnownFileType = sourcecode.swift; path = AppDelegate.swift; sourceTree = "<group>"; };
		C5CAD6FD2375B21C00B5BBA2 /* SceneDelegate.swift */ = {isa = PBXFileReference; lastKnownFileType = sourcecode.swift; path = SceneDelegate.swift; sourceTree = "<group>"; };
		C5CAD7022375B21C00B5BBA2 /* Base */ = {isa = PBXFileReference; lastKnownFileType = file.storyboard; name = Base; path = Base.lproj/Main.storyboard; sourceTree = "<group>"; };
		C5CAD7042375B21E00B5BBA2 /* Assets.xcassets */ = {isa = PBXFileReference; lastKnownFileType = folder.assetcatalog; path = Assets.xcassets; sourceTree = "<group>"; };
		C5CAD7072375B21E00B5BBA2 /* Base */ = {isa = PBXFileReference; lastKnownFileType = file.storyboard; name = Base; path = Base.lproj/LaunchScreen.storyboard; sourceTree = "<group>"; };
		C5CAD7092375B21E00B5BBA2 /* Info.plist */ = {isa = PBXFileReference; lastKnownFileType = text.plist.xml; path = Info.plist; sourceTree = "<group>"; };
		C5CAD71A2375B62000B5BBA2 /* Errors.swift */ = {isa = PBXFileReference; lastKnownFileType = sourcecode.swift; path = Errors.swift; sourceTree = "<group>"; };
		C5CAD71C2375C88C00B5BBA2 /* Teoria.md */ = {isa = PBXFileReference; lastKnownFileType = net.daringfireball.markdown; path = Teoria.md; sourceTree = "<group>"; };
		E609BDD25CC2F68FFD318F5D /* Pods-FOCO.debug.xcconfig */ = {isa = PBXFileReference; includeInIndex = 1; lastKnownFileType = text.xcconfig; name = "Pods-FOCO.debug.xcconfig"; path = "Target Support Files/Pods-FOCO/Pods-FOCO.debug.xcconfig"; sourceTree = "<group>"; };
/* End PBXFileReference section */

/* Begin PBXFrameworksBuildPhase section */
		C5CAD6F52375B21C00B5BBA2 /* Frameworks */ = {
			isa = PBXFrameworksBuildPhase;
			buildActionMask = 2147483647;
			files = (
				F2776A034AE436BDAEE62BF2 /* Pods_FOCO.framework in Frameworks */,
			);
			runOnlyForDeploymentPostprocessing = 0;
		};
/* End PBXFrameworksBuildPhase section */

/* Begin PBXGroup section */
		05CE0FCE9F84AE5EF6B34799 /* Frameworks */ = {
			isa = PBXGroup;
			children = (
				206A6212520C8711925DF2CB /* Pods_FOCO.framework */,
			);
			name = Frameworks;
			sourceTree = "<group>";
		};
		8032ED592379924F00357465 /* DAO */ = {
			isa = PBXGroup;
			children = (
				8032ED5C237992EF00357465 /* DiseaseOccurrencesDAO.swift */,
				C577DD53237DA969007E8C6B /* BreedingSitesDAO.swift */,
			);
			path = DAO;
			sourceTree = "<group>";
		};
		80E8F3D32379B24900445DF8 /* Annotations */ = {
			isa = PBXGroup;
			children = (
				80E8F3D42379B26C00445DF8 /* DiseaseAnnotation.swift */,
				B36279AD23831C060067C663 /* BreedingAnnotation.swift */,
			);
			path = Annotations;
			sourceTree = "<group>";
		};
		B0F824AA7E1FD6791CF8DC79 /* Pods */ = {
			isa = PBXGroup;
			children = (
				E609BDD25CC2F68FFD318F5D /* Pods-FOCO.debug.xcconfig */,
				80448A3A4B8F0EB1181A3478 /* Pods-FOCO.release.xcconfig */,
			);
			path = Pods;
			sourceTree = "<group>";
		};
		C545CDDA2396F08D00EB713E /* Detail Cells */ = {
			isa = PBXGroup;
			children = (
				C545CDDD2396F23F00EB713E /* DetailHeaderCell.xib */,
				C545CDDF2396F27000EB713E /* DetailHeaderCell.swift */,
			);
			path = "Detail Cells";
			sourceTree = "<group>";
		};
		C5CAD6EF2375B21C00B5BBA2 = {
			isa = PBXGroup;
			children = (
				C5CAD6FA2375B21C00B5BBA2 /* FOCO */,
				C5CAD6F92375B21C00B5BBA2 /* Products */,
				05CE0FCE9F84AE5EF6B34799 /* Frameworks */,
				B0F824AA7E1FD6791CF8DC79 /* Pods */,
			);
			sourceTree = "<group>";
		};
		C5CAD6F92375B21C00B5BBA2 /* Products */ = {
			isa = PBXGroup;
			children = (
				C5CAD6F82375B21C00B5BBA2 /* Nosso Bairro.app */,
			);
			name = Products;
			sourceTree = "<group>";
		};
		C5CAD6FA2375B21C00B5BBA2 /* FOCO */ = {
			isa = PBXGroup;
			children = (
				C5CAD71C2375C88C00B5BBA2 /* Teoria.md */,
				C5CAD70F2375B29B00B5BBA2 /* Model */,
				C5CAD7102375B2AE00B5BBA2 /* View */,
				C5CAD7112375B2B500B5BBA2 /* Controller */,
				C5CAD7122375B2BC00B5BBA2 /* Services */,
				C5CAD7042375B21E00B5BBA2 /* Assets.xcassets */,
				C5CAD7092375B21E00B5BBA2 /* Info.plist */,
				C5CAD6FB2375B21C00B5BBA2 /* AppDelegate.swift */,
				C5CAD6FD2375B21C00B5BBA2 /* SceneDelegate.swift */,
			);
			path = FOCO;
			sourceTree = "<group>";
		};
		C5CAD70F2375B29B00B5BBA2 /* Model */ = {
			isa = PBXGroup;
			children = (
				C5AF7D8323776E4400635447 /* DiseaseOccurrence.swift */,
				C577DD51237DA7B6007E8C6B /* BreedingSite.swift */,
				C5CAD71A2375B62000B5BBA2 /* Errors.swift */,
				B34AF8902386E28D00B61F2C /* Utils.swift */,
				C545CDE12396F76700EB713E /* Extention.swift */,
			);
			path = Model;
			sourceTree = "<group>";
		};
		C5CAD7102375B2AE00B5BBA2 /* View */ = {
			isa = PBXGroup;
			children = (
				C545CDDA2396F08D00EB713E /* Detail Cells */,
				80E8F3D32379B24900445DF8 /* Annotations */,
				C5CAD7012375B21C00B5BBA2 /* Main.storyboard */,
				C5CAD7062375B21E00B5BBA2 /* LaunchScreen.storyboard */,
				804A2E602384410500214A90 /* CustomCells.swift */,
				804A2E65238460FE00214A90 /* FloatLabelTextField.swift */,
				80973081238C0C0A007D6419 /* ImagePicker.swift */,
			);
			path = View;
			sourceTree = "<group>";
		};
		C5CAD7112375B2B500B5BBA2 /* Controller */ = {
			isa = PBXGroup;
			children = (
				80E8F3D12379AED800445DF8 /* NavigatorController.swift */,
				809369E323841DD300C794BB /* NewOccurrenceViewController.swift */,
				80E2B150238823DD004894A5 /* NewBreedingSiteViewController.swift */,
				B34AF89223871EED00B61F2C /* BreedingSiteDetailViewController.swift */,
				C545CDDB2396F0B400EB713E /* DetailController.swift */,
			);
			path = Controller;
			sourceTree = "<group>";
		};
		C5CAD7122375B2BC00B5BBA2 /* Services */ = {
			isa = PBXGroup;
			children = (
				8032ED5A2379927E00357465 /* DiseaseOccurrencesServices.swift */,
				C577DD55237DAB13007E8C6B /* BreedingSitesServices.swift */,
				8032ED592379924F00357465 /* DAO */,
			);
			path = Services;
			sourceTree = "<group>";
		};
/* End PBXGroup section */

/* Begin PBXNativeTarget section */
		C5CAD6F72375B21C00B5BBA2 /* FOCO */ = {
			isa = PBXNativeTarget;
			buildConfigurationList = C5CAD70C2375B21E00B5BBA2 /* Build configuration list for PBXNativeTarget "FOCO" */;
			buildPhases = (
				1AE31600E0CABDEFC28C3A38 /* [CP] Check Pods Manifest.lock */,
				C5CAD6F42375B21C00B5BBA2 /* Sources */,
				C5CAD6F52375B21C00B5BBA2 /* Frameworks */,
				C5CAD6F62375B21C00B5BBA2 /* Resources */,
				80CF4E72237C42D20013234B /* SwiftLint */,
				54547C922DA8256336598B03 /* [CP] Embed Pods Frameworks */,
			);
			buildRules = (
			);
			dependencies = (
			);
			name = FOCO;
			productName = FOCO;
			productReference = C5CAD6F82375B21C00B5BBA2 /* Nosso Bairro.app */;
			productType = "com.apple.product-type.application";
		};
/* End PBXNativeTarget section */

/* Begin PBXProject section */
		C5CAD6F02375B21C00B5BBA2 /* Project object */ = {
			isa = PBXProject;
			attributes = {
				LastSwiftUpdateCheck = 1120;
				LastUpgradeCheck = 1120;
				ORGANIZATIONNAME = arbovirosis;
				TargetAttributes = {
					C5CAD6F72375B21C00B5BBA2 = {
						CreatedOnToolsVersion = 11.2;
					};
				};
			};
			buildConfigurationList = C5CAD6F32375B21C00B5BBA2 /* Build configuration list for PBXProject "FOCO" */;
			compatibilityVersion = "Xcode 9.3";
			developmentRegion = en;
			hasScannedForEncodings = 0;
			knownRegions = (
				en,
				Base,
				pt,
			);
			mainGroup = C5CAD6EF2375B21C00B5BBA2;
			productRefGroup = C5CAD6F92375B21C00B5BBA2 /* Products */;
			projectDirPath = "";
			projectRoot = "";
			targets = (
				C5CAD6F72375B21C00B5BBA2 /* FOCO */,
			);
		};
/* End PBXProject section */

/* Begin PBXResourcesBuildPhase section */
		C5CAD6F62375B21C00B5BBA2 /* Resources */ = {
			isa = PBXResourcesBuildPhase;
			buildActionMask = 2147483647;
			files = (
				C5CAD7082375B21E00B5BBA2 /* LaunchScreen.storyboard in Resources */,
				C545CDDE2396F23F00EB713E /* DetailHeaderCell.xib in Resources */,
				C5CAD7052375B21E00B5BBA2 /* Assets.xcassets in Resources */,
				C5CAD7032375B21C00B5BBA2 /* Main.storyboard in Resources */,
			);
			runOnlyForDeploymentPostprocessing = 0;
		};
/* End PBXResourcesBuildPhase section */

/* Begin PBXShellScriptBuildPhase section */
		1AE31600E0CABDEFC28C3A38 /* [CP] Check Pods Manifest.lock */ = {
			isa = PBXShellScriptBuildPhase;
			buildActionMask = 2147483647;
			files = (
			);
			inputFileListPaths = (
			);
			inputPaths = (
				"${PODS_PODFILE_DIR_PATH}/Podfile.lock",
				"${PODS_ROOT}/Manifest.lock",
			);
			name = "[CP] Check Pods Manifest.lock";
			outputFileListPaths = (
			);
			outputPaths = (
				"$(DERIVED_FILE_DIR)/Pods-FOCO-checkManifestLockResult.txt",
			);
			runOnlyForDeploymentPostprocessing = 0;
			shellPath = /bin/sh;
			shellScript = "diff \"${PODS_PODFILE_DIR_PATH}/Podfile.lock\" \"${PODS_ROOT}/Manifest.lock\" > /dev/null\nif [ $? != 0 ] ; then\n    # print error to STDERR\n    echo \"error: The sandbox is not in sync with the Podfile.lock. Run 'pod install' or update your CocoaPods installation.\" >&2\n    exit 1\nfi\n# This output is used by Xcode 'outputs' to avoid re-running this script phase.\necho \"SUCCESS\" > \"${SCRIPT_OUTPUT_FILE_0}\"\n";
			showEnvVarsInLog = 0;
		};
		54547C922DA8256336598B03 /* [CP] Embed Pods Frameworks */ = {
			isa = PBXShellScriptBuildPhase;
			buildActionMask = 2147483647;
			files = (
			);
			inputFileListPaths = (
				"${PODS_ROOT}/Target Support Files/Pods-FOCO/Pods-FOCO-frameworks-${CONFIGURATION}-input-files.xcfilelist",
			);
			name = "[CP] Embed Pods Frameworks";
			outputFileListPaths = (
				"${PODS_ROOT}/Target Support Files/Pods-FOCO/Pods-FOCO-frameworks-${CONFIGURATION}-output-files.xcfilelist",
			);
			runOnlyForDeploymentPostprocessing = 0;
			shellPath = /bin/sh;
			shellScript = "\"${PODS_ROOT}/Target Support Files/Pods-FOCO/Pods-FOCO-frameworks.sh\"\n";
			showEnvVarsInLog = 0;
		};
		80CF4E72237C42D20013234B /* SwiftLint */ = {
			isa = PBXShellScriptBuildPhase;
			buildActionMask = 2147483647;
			files = (
			);
			inputFileListPaths = (
			);
			inputPaths = (
			);
			name = SwiftLint;
			outputFileListPaths = (
			);
			outputPaths = (
			);
			runOnlyForDeploymentPostprocessing = 0;
			shellPath = /bin/sh;
			shellScript = "if which swiftlint >/dev/null; then\n    swiftlint\nelse\n    echo \"warning: SwiftLint not installed, download from https://github.com/realm/SwiftLint\"\nfi\n";
		};
/* End PBXShellScriptBuildPhase section */

/* Begin PBXSourcesBuildPhase section */
		C5CAD6F42375B21C00B5BBA2 /* Sources */ = {
			isa = PBXSourcesBuildPhase;
			buildActionMask = 2147483647;
			files = (
				C5AF7D8423776E4400635447 /* DiseaseOccurrence.swift in Sources */,
				8032ED5B2379927E00357465 /* DiseaseOccurrencesServices.swift in Sources */,
				C577DD56237DAB13007E8C6B /* BreedingSitesServices.swift in Sources */,
				80973082238C0C0A007D6419 /* ImagePicker.swift in Sources */,
				804A2E66238460FE00214A90 /* FloatLabelTextField.swift in Sources */,
				80E8F3D52379B26C00445DF8 /* DiseaseAnnotation.swift in Sources */,
				B36279AE23831C060067C663 /* BreedingAnnotation.swift in Sources */,
				B34AF89323871EED00B61F2C /* BreedingSiteDetailViewController.swift in Sources */,
				C545CDDC2396F0B400EB713E /* DetailController.swift in Sources */,
				B34AF8912386E28D00B61F2C /* Utils.swift in Sources */,
				C5CAD6FC2375B21C00B5BBA2 /* AppDelegate.swift in Sources */,
				C545CDE02396F27000EB713E /* DetailHeaderCell.swift in Sources */,
				804A2E612384410500214A90 /* CustomCells.swift in Sources */,
				C5CAD6FE2375B21C00B5BBA2 /* SceneDelegate.swift in Sources */,
				C5CAD71B2375B62000B5BBA2 /* Errors.swift in Sources */,
				80E2B151238823DD004894A5 /* NewBreedingSiteViewController.swift in Sources */,
				8032ED5D237992EF00357465 /* DiseaseOccurrencesDAO.swift in Sources */,
				809369E423841DD300C794BB /* NewOccurrenceViewController.swift in Sources */,
				C577DD54237DA969007E8C6B /* BreedingSitesDAO.swift in Sources */,
				C577DD52237DA7B6007E8C6B /* BreedingSite.swift in Sources */,
				C545CDE22396F76700EB713E /* Extention.swift in Sources */,
				80E8F3D22379AED800445DF8 /* NavigatorController.swift in Sources */,
			);
			runOnlyForDeploymentPostprocessing = 0;
		};
/* End PBXSourcesBuildPhase section */

/* Begin PBXVariantGroup section */
		C5CAD7012375B21C00B5BBA2 /* Main.storyboard */ = {
			isa = PBXVariantGroup;
			children = (
				C5CAD7022375B21C00B5BBA2 /* Base */,
				805FCF332396B08200B295B4 /* pt */,
			);
			name = Main.storyboard;
			sourceTree = "<group>";
		};
		C5CAD7062375B21E00B5BBA2 /* LaunchScreen.storyboard */ = {
			isa = PBXVariantGroup;
			children = (
				C5CAD7072375B21E00B5BBA2 /* Base */,
				805FCF342396B08200B295B4 /* pt */,
			);
			name = LaunchScreen.storyboard;
			sourceTree = "<group>";
		};
/* End PBXVariantGroup section */

/* Begin XCBuildConfiguration section */
		C5CAD70A2375B21E00B5BBA2 /* Debug */ = {
			isa = XCBuildConfiguration;
			buildSettings = {
				ALWAYS_SEARCH_USER_PATHS = NO;
				CLANG_ANALYZER_LOCALIZABILITY_NONLOCALIZED = YES;
				CLANG_ANALYZER_NONNULL = YES;
				CLANG_ANALYZER_NUMBER_OBJECT_CONVERSION = YES_AGGRESSIVE;
				CLANG_CXX_LANGUAGE_STANDARD = "gnu++14";
				CLANG_CXX_LIBRARY = "libc++";
				CLANG_ENABLE_MODULES = YES;
				CLANG_ENABLE_OBJC_ARC = YES;
				CLANG_ENABLE_OBJC_WEAK = YES;
				CLANG_WARN_BLOCK_CAPTURE_AUTORELEASING = YES;
				CLANG_WARN_BOOL_CONVERSION = YES;
				CLANG_WARN_COMMA = YES;
				CLANG_WARN_CONSTANT_CONVERSION = YES;
				CLANG_WARN_DEPRECATED_OBJC_IMPLEMENTATIONS = YES;
				CLANG_WARN_DIRECT_OBJC_ISA_USAGE = YES_ERROR;
				CLANG_WARN_DOCUMENTATION_COMMENTS = YES;
				CLANG_WARN_EMPTY_BODY = YES;
				CLANG_WARN_ENUM_CONVERSION = YES;
				CLANG_WARN_INFINITE_RECURSION = YES;
				CLANG_WARN_INT_CONVERSION = YES;
				CLANG_WARN_NON_LITERAL_NULL_CONVERSION = YES;
				CLANG_WARN_OBJC_IMPLICIT_RETAIN_SELF = YES;
				CLANG_WARN_OBJC_LITERAL_CONVERSION = YES;
				CLANG_WARN_OBJC_ROOT_CLASS = YES_ERROR;
				CLANG_WARN_RANGE_LOOP_ANALYSIS = YES;
				CLANG_WARN_STRICT_PROTOTYPES = YES;
				CLANG_WARN_SUSPICIOUS_MOVE = YES;
				CLANG_WARN_UNGUARDED_AVAILABILITY = YES_AGGRESSIVE;
				CLANG_WARN_UNREACHABLE_CODE = YES;
				CLANG_WARN__DUPLICATE_METHOD_MATCH = YES;
				COPY_PHASE_STRIP = NO;
				DEBUG_INFORMATION_FORMAT = dwarf;
				ENABLE_STRICT_OBJC_MSGSEND = YES;
				ENABLE_TESTABILITY = YES;
				GCC_C_LANGUAGE_STANDARD = gnu11;
				GCC_DYNAMIC_NO_PIC = NO;
				GCC_NO_COMMON_BLOCKS = YES;
				GCC_OPTIMIZATION_LEVEL = 0;
				GCC_PREPROCESSOR_DEFINITIONS = (
					"DEBUG=1",
					"$(inherited)",
				);
				GCC_WARN_64_TO_32_BIT_CONVERSION = YES;
				GCC_WARN_ABOUT_RETURN_TYPE = YES_ERROR;
				GCC_WARN_UNDECLARED_SELECTOR = YES;
				GCC_WARN_UNINITIALIZED_AUTOS = YES_AGGRESSIVE;
				GCC_WARN_UNUSED_FUNCTION = YES;
				GCC_WARN_UNUSED_VARIABLE = YES;
				IPHONEOS_DEPLOYMENT_TARGET = 13.2;
				MTL_ENABLE_DEBUG_INFO = INCLUDE_SOURCE;
				MTL_FAST_MATH = YES;
				ONLY_ACTIVE_ARCH = YES;
				PRODUCT_NAME = "Nosso Bairro";
				SDKROOT = iphoneos;
				SWIFT_ACTIVE_COMPILATION_CONDITIONS = DEBUG;
				SWIFT_OPTIMIZATION_LEVEL = "-Onone";
			};
			name = Debug;
		};
		C5CAD70B2375B21E00B5BBA2 /* Release */ = {
			isa = XCBuildConfiguration;
			buildSettings = {
				ALWAYS_SEARCH_USER_PATHS = NO;
				CLANG_ANALYZER_LOCALIZABILITY_NONLOCALIZED = YES;
				CLANG_ANALYZER_NONNULL = YES;
				CLANG_ANALYZER_NUMBER_OBJECT_CONVERSION = YES_AGGRESSIVE;
				CLANG_CXX_LANGUAGE_STANDARD = "gnu++14";
				CLANG_CXX_LIBRARY = "libc++";
				CLANG_ENABLE_MODULES = YES;
				CLANG_ENABLE_OBJC_ARC = YES;
				CLANG_ENABLE_OBJC_WEAK = YES;
				CLANG_WARN_BLOCK_CAPTURE_AUTORELEASING = YES;
				CLANG_WARN_BOOL_CONVERSION = YES;
				CLANG_WARN_COMMA = YES;
				CLANG_WARN_CONSTANT_CONVERSION = YES;
				CLANG_WARN_DEPRECATED_OBJC_IMPLEMENTATIONS = YES;
				CLANG_WARN_DIRECT_OBJC_ISA_USAGE = YES_ERROR;
				CLANG_WARN_DOCUMENTATION_COMMENTS = YES;
				CLANG_WARN_EMPTY_BODY = YES;
				CLANG_WARN_ENUM_CONVERSION = YES;
				CLANG_WARN_INFINITE_RECURSION = YES;
				CLANG_WARN_INT_CONVERSION = YES;
				CLANG_WARN_NON_LITERAL_NULL_CONVERSION = YES;
				CLANG_WARN_OBJC_IMPLICIT_RETAIN_SELF = YES;
				CLANG_WARN_OBJC_LITERAL_CONVERSION = YES;
				CLANG_WARN_OBJC_ROOT_CLASS = YES_ERROR;
				CLANG_WARN_RANGE_LOOP_ANALYSIS = YES;
				CLANG_WARN_STRICT_PROTOTYPES = YES;
				CLANG_WARN_SUSPICIOUS_MOVE = YES;
				CLANG_WARN_UNGUARDED_AVAILABILITY = YES_AGGRESSIVE;
				CLANG_WARN_UNREACHABLE_CODE = YES;
				CLANG_WARN__DUPLICATE_METHOD_MATCH = YES;
				COPY_PHASE_STRIP = NO;
				DEBUG_INFORMATION_FORMAT = "dwarf-with-dsym";
				ENABLE_NS_ASSERTIONS = NO;
				ENABLE_STRICT_OBJC_MSGSEND = YES;
				GCC_C_LANGUAGE_STANDARD = gnu11;
				GCC_NO_COMMON_BLOCKS = YES;
				GCC_WARN_64_TO_32_BIT_CONVERSION = YES;
				GCC_WARN_ABOUT_RETURN_TYPE = YES_ERROR;
				GCC_WARN_UNDECLARED_SELECTOR = YES;
				GCC_WARN_UNINITIALIZED_AUTOS = YES_AGGRESSIVE;
				GCC_WARN_UNUSED_FUNCTION = YES;
				GCC_WARN_UNUSED_VARIABLE = YES;
				IPHONEOS_DEPLOYMENT_TARGET = 13.2;
				MTL_ENABLE_DEBUG_INFO = NO;
				MTL_FAST_MATH = YES;
				PRODUCT_NAME = "Nosso Bairro";
				SDKROOT = iphoneos;
				SWIFT_COMPILATION_MODE = wholemodule;
				SWIFT_OPTIMIZATION_LEVEL = "-O";
				VALIDATE_PRODUCT = YES;
			};
			name = Release;
		};
		C5CAD70D2375B21E00B5BBA2 /* Debug */ = {
			isa = XCBuildConfiguration;
			baseConfigurationReference = E609BDD25CC2F68FFD318F5D /* Pods-FOCO.debug.xcconfig */;
			buildSettings = {
				ASSETCATALOG_COMPILER_APPICON_NAME = AppIcon;
				CODE_SIGN_STYLE = Automatic;
				DEVELOPMENT_TEAM = 8C3NFSJWVT;
				INFOPLIST_FILE = FOCO/Info.plist;
				IPHONEOS_DEPLOYMENT_TARGET = 13.1;
				LD_RUNPATH_SEARCH_PATHS = (
					"$(inherited)",
					"@executable_path/Frameworks",
				);
				PRODUCT_BUNDLE_IDENTIFIER = challenge.FOCO;
				PRODUCT_NAME = "Nosso Bairro";
				SWIFT_VERSION = 5.0;
				TARGETED_DEVICE_FAMILY = "1,2";
			};
			name = Debug;
		};
		C5CAD70E2375B21E00B5BBA2 /* Release */ = {
			isa = XCBuildConfiguration;
			baseConfigurationReference = 80448A3A4B8F0EB1181A3478 /* Pods-FOCO.release.xcconfig */;
			buildSettings = {
				ASSETCATALOG_COMPILER_APPICON_NAME = AppIcon;
				CODE_SIGN_STYLE = Automatic;
				DEVELOPMENT_TEAM = 8C3NFSJWVT;
				INFOPLIST_FILE = FOCO/Info.plist;
				IPHONEOS_DEPLOYMENT_TARGET = 13.1;
				LD_RUNPATH_SEARCH_PATHS = (
					"$(inherited)",
					"@executable_path/Frameworks",
				);
				PRODUCT_BUNDLE_IDENTIFIER = challenge.FOCO;
				PRODUCT_NAME = "Nosso Bairro";
				SWIFT_VERSION = 5.0;
				TARGETED_DEVICE_FAMILY = "1,2";
			};
			name = Release;
		};
/* End XCBuildConfiguration section */

/* Begin XCConfigurationList section */
		C5CAD6F32375B21C00B5BBA2 /* Build configuration list for PBXProject "FOCO" */ = {
			isa = XCConfigurationList;
			buildConfigurations = (
				C5CAD70A2375B21E00B5BBA2 /* Debug */,
				C5CAD70B2375B21E00B5BBA2 /* Release */,
			);
			defaultConfigurationIsVisible = 0;
			defaultConfigurationName = Release;
		};
		C5CAD70C2375B21E00B5BBA2 /* Build configuration list for PBXNativeTarget "FOCO" */ = {
			isa = XCConfigurationList;
			buildConfigurations = (
				C5CAD70D2375B21E00B5BBA2 /* Debug */,
				C5CAD70E2375B21E00B5BBA2 /* Release */,
			);
			defaultConfigurationIsVisible = 0;
			defaultConfigurationName = Release;
		};
/* End XCConfigurationList section */
	};
	rootObject = C5CAD6F02375B21C00B5BBA2 /* Project object */;
}
